
Microsoft Visual Studio Solution File, Format Version 12.00
# Visual Studio 14
VisualStudioVersion = 14.0.24720.0
MinimumVisualStudioVersion = 10.0.40219.1
Project("{FAE04EC0-301F-11D3-BF4B-00C04F79EFBC}") = "HomeMovieCollection", "HomeMovieCollection\HomeMovieCollection.csproj", "{F6607AC3-10C9-4F97-A578-EF90D078C483}"
EndProject
Project("{FAE04EC0-301F-11D3-BF4B-00C04F79EFBC}") = "HomeMovieCollection.Core", "HomeMovieCollection.Core\HomeMovieCollection.Core.csproj", "{0E258094-088E-45D6-B014-3A45A6BDD59B}"
EndProject
Project("{FAE04EC0-301F-11D3-BF4B-00C04F79EFBC}") = "HomeMovieCollectionTests", "HomeMovieCollectionTests.cs\HomeMovieCollectionTests.csproj", "{1C978EBF-7B6E-4545-9C1D-5B24F169CBAF}"
EndProject
Global
	GlobalSection(SolutionConfigurationPlatforms) = preSolution
		Debug|Any CPU = Debug|Any CPU
		Release|Any CPU = Release|Any CPU
	EndGlobalSection
	GlobalSection(ProjectConfigurationPlatforms) = postSolution
		{F6607AC3-10C9-4F97-A578-EF90D078C483}.Debug|Any CPU.ActiveCfg = Debug|Any CPU
		{F6607AC3-10C9-4F97-A578-EF90D078C483}.Debug|Any CPU.Build.0 = Debug|Any CPU
		{F6607AC3-10C9-4F97-A578-EF90D078C483}.Release|Any CPU.ActiveCfg = Release|Any CPU
		{F6607AC3-10C9-4F97-A578-EF90D078C483}.Release|Any CPU.Build.0 = Release|Any CPU
		{0E258094-088E-45D6-B014-3A45A6BDD59B}.Debug|Any CPU.ActiveCfg = Debug|Any CPU
		{0E258094-088E-45D6-B014-3A45A6BDD59B}.Debug|Any CPU.Build.0 = Debug|Any CPU
		{0E258094-088E-45D6-B014-3A45A6BDD59B}.Release|Any CPU.ActiveCfg = Release|Any CPU
		{0E258094-088E-45D6-B014-3A45A6BDD59B}.Release|Any CPU.Build.0 = Release|Any CPU
		{1C978EBF-7B6E-4545-9C1D-5B24F169CBAF}.Debug|Any CPU.ActiveCfg = Debug|Any CPU
		{1C978EBF-7B6E-4545-9C1D-5B24F169CBAF}.Debug|Any CPU.Build.0 = Debug|Any CPU
		{1C978EBF-7B6E-4545-9C1D-5B24F169CBAF}.Release|Any CPU.ActiveCfg = Release|Any CPU
		{1C978EBF-7B6E-4545-9C1D-5B24F169CBAF}.Release|Any CPU.Build.0 = Release|Any CPU
	EndGlobalSection
	GlobalSection(SolutionProperties) = preSolution
		HideSolutionNode = FALSE
	EndGlobalSection
EndGlobal
